
Microsoft Visual Studio Solution File, Format Version 12.00
# Visual Studio Version 16
VisualStudioVersion = 16.0.31205.134
MinimumVisualStudioVersion = 10.0.40219.1
Project("{F184B08F-C81C-45F6-A57F-5ABD9991F28F}") = "Testing Winform", "Testing Winform\Testing Winform.vbproj", "{5C5EB194-61CA-4E96-BF71-DDCD9FF4886E}"
EndProject
Project("{778DAE3C-4631-46EA-AA77-85C1314464D9}") = "CCI Engineering DataTransferer", "..\DataTransferer\CCI Engineering DataTransferer.vbproj", "{D295E16D-5783-4C4D-AA84-5B27181F2E3D}"
EndProject
Project("{9A19103F-16F7-4668-BE54-9A1E7A4F7556}") = "SAPI Report Generator", "..\..\SAPI Report Generator\SAPI Report Generator\SAPIReportGenerator\SAPI Report Generator.csproj", "{91E17A3E-683D-4E34-BE4C-C1D3E6249BFC}"
EndProject
Project("{9A19103F-16F7-4668-BE54-9A1E7A4F7556}") = "SAPI Report Generator Editor", "..\..\SAPI Report Generator\SAPI Report Generator Editor\SAPI Report Generator Editor\SAPI Report Generator Editor.csproj", "{C76CE787-8F0F-4F38-AC2A-EAAF18BD36F3}"
EndProject
Global
	GlobalSection(SolutionConfigurationPlatforms) = preSolution
		Debug|Any CPU = Debug|Any CPU
		Release|Any CPU = Release|Any CPU
	EndGlobalSection
	GlobalSection(ProjectConfigurationPlatforms) = postSolution
		{5C5EB194-61CA-4E96-BF71-DDCD9FF4886E}.Debug|Any CPU.ActiveCfg = Debug|Any CPU
		{5C5EB194-61CA-4E96-BF71-DDCD9FF4886E}.Debug|Any CPU.Build.0 = Debug|Any CPU
		{5C5EB194-61CA-4E96-BF71-DDCD9FF4886E}.Release|Any CPU.ActiveCfg = Release|Any CPU
		{5C5EB194-61CA-4E96-BF71-DDCD9FF4886E}.Release|Any CPU.Build.0 = Release|Any CPU
		{D295E16D-5783-4C4D-AA84-5B27181F2E3D}.Debug|Any CPU.ActiveCfg = Debug|Any CPU
		{D295E16D-5783-4C4D-AA84-5B27181F2E3D}.Release|Any CPU.ActiveCfg = Release|Any CPU
		{D295E16D-5783-4C4D-AA84-5B27181F2E3D}.Release|Any CPU.Build.0 = Release|Any CPU
		{91E17A3E-683D-4E34-BE4C-C1D3E6249BFC}.Debug|Any CPU.ActiveCfg = Debug|Any CPU
		{91E17A3E-683D-4E34-BE4C-C1D3E6249BFC}.Release|Any CPU.ActiveCfg = Release|Any CPU
		{91E17A3E-683D-4E34-BE4C-C1D3E6249BFC}.Release|Any CPU.Build.0 = Release|Any CPU
		{C76CE787-8F0F-4F38-AC2A-EAAF18BD36F3}.Debug|Any CPU.ActiveCfg = Debug|Any CPU
		{C76CE787-8F0F-4F38-AC2A-EAAF18BD36F3}.Release|Any CPU.ActiveCfg = Release|Any CPU
		{C76CE787-8F0F-4F38-AC2A-EAAF18BD36F3}.Release|Any CPU.Build.0 = Release|Any CPU
	EndGlobalSection
	GlobalSection(SolutionProperties) = preSolution
		HideSolutionNode = FALSE
	EndGlobalSection
	GlobalSection(ExtensibilityGlobals) = postSolution
		SolutionGuid = {15A07279-FD59-4B9D-96AD-5CA599ED0AB4}
	EndGlobalSection
EndGlobal
