
Microsoft Visual Studio Solution File, Format Version 12.00
# Visual Studio Version 16
VisualStudioVersion = 16.0.33214.272
MinimumVisualStudioVersion = 10.0.40219.1
Project("{F184B08F-C81C-45F6-A57F-5ABD9991F28F}") = "Get BU Files", "Get BU Files\Get BU Files.vbproj", "{68503584-59C8-4B06-BBF9-BE423071EE3E}"
EndProject
Global
	GlobalSection(SolutionConfigurationPlatforms) = preSolution
		Debug|Any CPU = Debug|Any CPU
		Release|Any CPU = Release|Any CPU
	EndGlobalSection
	GlobalSection(ProjectConfigurationPlatforms) = postSolution
		{68503584-59C8-4B06-BBF9-BE423071EE3E}.Debug|Any CPU.ActiveCfg = Debug|Any CPU
		{68503584-59C8-4B06-BBF9-BE423071EE3E}.Debug|Any CPU.Build.0 = Debug|Any CPU
		{68503584-59C8-4B06-BBF9-BE423071EE3E}.Release|Any CPU.ActiveCfg = Release|Any CPU
		{68503584-59C8-4B06-BBF9-BE423071EE3E}.Release|Any CPU.Build.0 = Release|Any CPU
	EndGlobalSection
	GlobalSection(SolutionProperties) = preSolution
		HideSolutionNode = FALSE
	EndGlobalSection
	GlobalSection(ExtensibilityGlobals) = postSolution
		SolutionGuid = {6A606375-116F-43A8-AAA1-F3FCA00C5691}
	EndGlobalSection
EndGlobal
